
Microsoft Visual Studio Solution File, Format Version 12.00
# Visual Studio Version 17
VisualStudioVersion = 17.7.34003.232
MinimumVisualStudioVersion = 10.0.40219.1
Project("{9A19103F-16F7-4668-BE54-9A1E7A4F7556}") = "WebApplication_HandleExceptions", "WebApplication_HandleExceptions\WebApplication_HandleExceptions.csproj", "{B06DF278-1885-466F-88C4-F0CF5648574A}"
EndProject
Project("{9A19103F-16F7-4668-BE54-9A1E7A4F7556}") = "WebApplication_ActionFilterKullanimi", "WebApplication_ActionFilterKullanimi\WebApplication_ActionFilterKullanimi.csproj", "{F9392923-385E-4AE1-87FA-023FE98DADC0}"
EndProject
<<<<<<< HEAD
Project("{9A19103F-16F7-4668-BE54-9A1E7A4F7556}") = "WebApplication_BasicAuth", "WebApplication_BasicAuth\WebApplication_BasicAuth.csproj", "{7F30EF99-3732-4E75-83EF-9B5E9A8F470F}"
EndProject
Project("{9A19103F-16F7-4668-BE54-9A1E7A4F7556}") = "WebApplication_JwtAuth", "WebApplication_JwtAuth\WebApplication_JwtAuth.csproj", "{7F07A88E-90EF-44E7-A389-17775AA100EA}"
EndProject
Project("{9A19103F-16F7-4668-BE54-9A1E7A4F7556}") = "ETicaretProject.API", "ETicaretProject.API\ETicaretProject.API.csproj", "{C52B5A9B-DDE3-4485-A4CC-9A251D1FC549}"
EndProject
Project("{9A19103F-16F7-4668-BE54-9A1E7A4F7556}") = "ETicaretProject.Core", "ETicaretProject.Core\ETicaretProject.Core.csproj", "{8F483800-952D-4A98-A435-B299CDC1783F}"
EndProject
Project("{9A19103F-16F7-4668-BE54-9A1E7A4F7556}") = "MyServices", "MyServices\MyServices.csproj", "{C73E099B-D493-40C1-BAF1-DDB3B2DDFE66}"
EndProject
Project("{9A19103F-16F7-4668-BE54-9A1E7A4F7556}") = "PaymentAPI", "PaymentAPI\PaymentAPI.csproj", "{55DCED88-2E0C-42AC-85A3-D77D8F88325F}"
EndProject
Project("{9A19103F-16F7-4668-BE54-9A1E7A4F7556}") = "PaymentAPI.Models", "PaymentAPI.Models\PaymentAPI.Models.csproj", "{B15CDAF2-0CD9-48E4-9C83-672DD929E7DF}"
EndProject
Project("{2150E333-8FDC-42A3-9474-1A3956D46DE8}") = "ETicaret", "ETicaret", "{3C2A36A1-7B59-4A7C-A938-AD58EF355299}"
EndProject
Project("{2150E333-8FDC-42A3-9474-1A3956D46DE8}") = "Payment", "Payment", "{DE90B592-C187-449D-B57E-7EB7BD2D72F4}"
EndProject
Project("{2150E333-8FDC-42A3-9474-1A3956D46DE8}") = "Admin", "Admin", "{40E28EF4-5A34-46A5-9147-B5FB8E81586E}"
EndProject
Project("{FAE04EC0-301F-11D3-BF4B-00C04F79EFBC}") = "AdminApp", "AdminApp\AdminApp.csproj", "{BA4A2366-777B-480F-B957-3D9CE28B5356}"
=======
Project("{FAE04EC0-301F-11D3-BF4B-00C04F79EFBC}") = "WebApplication_BasicAuth", "WebApplication_BasicAuth\WebApplication_BasicAuth.csproj", "{7F30EF99-3732-4E75-83EF-9B5E9A8F470F}"
>>>>>>> parent of 07a7b29 (JWT Auth)
EndProject
Global
	GlobalSection(SolutionConfigurationPlatforms) = preSolution
		Debug|Any CPU = Debug|Any CPU
		Release|Any CPU = Release|Any CPU
	EndGlobalSection
	GlobalSection(ProjectConfigurationPlatforms) = postSolution
		{B06DF278-1885-466F-88C4-F0CF5648574A}.Debug|Any CPU.ActiveCfg = Debug|Any CPU
		{B06DF278-1885-466F-88C4-F0CF5648574A}.Debug|Any CPU.Build.0 = Debug|Any CPU
		{B06DF278-1885-466F-88C4-F0CF5648574A}.Release|Any CPU.ActiveCfg = Release|Any CPU
		{B06DF278-1885-466F-88C4-F0CF5648574A}.Release|Any CPU.Build.0 = Release|Any CPU
		{F9392923-385E-4AE1-87FA-023FE98DADC0}.Debug|Any CPU.ActiveCfg = Debug|Any CPU
		{F9392923-385E-4AE1-87FA-023FE98DADC0}.Debug|Any CPU.Build.0 = Debug|Any CPU
		{F9392923-385E-4AE1-87FA-023FE98DADC0}.Release|Any CPU.ActiveCfg = Release|Any CPU
		{F9392923-385E-4AE1-87FA-023FE98DADC0}.Release|Any CPU.Build.0 = Release|Any CPU
		{7F30EF99-3732-4E75-83EF-9B5E9A8F470F}.Debug|Any CPU.ActiveCfg = Debug|Any CPU
		{7F30EF99-3732-4E75-83EF-9B5E9A8F470F}.Debug|Any CPU.Build.0 = Debug|Any CPU
		{7F30EF99-3732-4E75-83EF-9B5E9A8F470F}.Release|Any CPU.ActiveCfg = Release|Any CPU
		{7F30EF99-3732-4E75-83EF-9B5E9A8F470F}.Release|Any CPU.Build.0 = Release|Any CPU
<<<<<<< HEAD
		{7F07A88E-90EF-44E7-A389-17775AA100EA}.Debug|Any CPU.ActiveCfg = Debug|Any CPU
		{7F07A88E-90EF-44E7-A389-17775AA100EA}.Debug|Any CPU.Build.0 = Debug|Any CPU
		{7F07A88E-90EF-44E7-A389-17775AA100EA}.Release|Any CPU.ActiveCfg = Release|Any CPU
		{7F07A88E-90EF-44E7-A389-17775AA100EA}.Release|Any CPU.Build.0 = Release|Any CPU
		{C52B5A9B-DDE3-4485-A4CC-9A251D1FC549}.Debug|Any CPU.ActiveCfg = Debug|Any CPU
		{C52B5A9B-DDE3-4485-A4CC-9A251D1FC549}.Debug|Any CPU.Build.0 = Debug|Any CPU
		{C52B5A9B-DDE3-4485-A4CC-9A251D1FC549}.Release|Any CPU.ActiveCfg = Release|Any CPU
		{C52B5A9B-DDE3-4485-A4CC-9A251D1FC549}.Release|Any CPU.Build.0 = Release|Any CPU
		{8F483800-952D-4A98-A435-B299CDC1783F}.Debug|Any CPU.ActiveCfg = Debug|Any CPU
		{8F483800-952D-4A98-A435-B299CDC1783F}.Debug|Any CPU.Build.0 = Debug|Any CPU
		{8F483800-952D-4A98-A435-B299CDC1783F}.Release|Any CPU.ActiveCfg = Release|Any CPU
		{8F483800-952D-4A98-A435-B299CDC1783F}.Release|Any CPU.Build.0 = Release|Any CPU
		{C73E099B-D493-40C1-BAF1-DDB3B2DDFE66}.Debug|Any CPU.ActiveCfg = Debug|Any CPU
		{C73E099B-D493-40C1-BAF1-DDB3B2DDFE66}.Debug|Any CPU.Build.0 = Debug|Any CPU
		{C73E099B-D493-40C1-BAF1-DDB3B2DDFE66}.Release|Any CPU.ActiveCfg = Release|Any CPU
		{C73E099B-D493-40C1-BAF1-DDB3B2DDFE66}.Release|Any CPU.Build.0 = Release|Any CPU
		{55DCED88-2E0C-42AC-85A3-D77D8F88325F}.Debug|Any CPU.ActiveCfg = Debug|Any CPU
		{55DCED88-2E0C-42AC-85A3-D77D8F88325F}.Debug|Any CPU.Build.0 = Debug|Any CPU
		{55DCED88-2E0C-42AC-85A3-D77D8F88325F}.Release|Any CPU.ActiveCfg = Release|Any CPU
		{55DCED88-2E0C-42AC-85A3-D77D8F88325F}.Release|Any CPU.Build.0 = Release|Any CPU
		{B15CDAF2-0CD9-48E4-9C83-672DD929E7DF}.Debug|Any CPU.ActiveCfg = Debug|Any CPU
		{B15CDAF2-0CD9-48E4-9C83-672DD929E7DF}.Debug|Any CPU.Build.0 = Debug|Any CPU
		{B15CDAF2-0CD9-48E4-9C83-672DD929E7DF}.Release|Any CPU.ActiveCfg = Release|Any CPU
		{B15CDAF2-0CD9-48E4-9C83-672DD929E7DF}.Release|Any CPU.Build.0 = Release|Any CPU
		{BA4A2366-777B-480F-B957-3D9CE28B5356}.Debug|Any CPU.ActiveCfg = Debug|Any CPU
		{BA4A2366-777B-480F-B957-3D9CE28B5356}.Debug|Any CPU.Build.0 = Debug|Any CPU
		{BA4A2366-777B-480F-B957-3D9CE28B5356}.Release|Any CPU.ActiveCfg = Release|Any CPU
		{BA4A2366-777B-480F-B957-3D9CE28B5356}.Release|Any CPU.Build.0 = Release|Any CPU
=======
>>>>>>> parent of 07a7b29 (JWT Auth)
	EndGlobalSection
	GlobalSection(SolutionProperties) = preSolution
		HideSolutionNode = FALSE
	EndGlobalSection
	GlobalSection(NestedProjects) = preSolution
		{C52B5A9B-DDE3-4485-A4CC-9A251D1FC549} = {3C2A36A1-7B59-4A7C-A938-AD58EF355299}
		{8F483800-952D-4A98-A435-B299CDC1783F} = {3C2A36A1-7B59-4A7C-A938-AD58EF355299}
		{55DCED88-2E0C-42AC-85A3-D77D8F88325F} = {DE90B592-C187-449D-B57E-7EB7BD2D72F4}
		{B15CDAF2-0CD9-48E4-9C83-672DD929E7DF} = {DE90B592-C187-449D-B57E-7EB7BD2D72F4}
		{BA4A2366-777B-480F-B957-3D9CE28B5356} = {40E28EF4-5A34-46A5-9147-B5FB8E81586E}
	EndGlobalSection
	GlobalSection(ExtensibilityGlobals) = postSolution
		SolutionGuid = {6B33B057-1F9C-4DC1-BEE9-86EE73FFE30F}
	EndGlobalSection
EndGlobal
